// !$*UTF8*$!
{
	archiveVersion = 1;
	classes = {
	};
	objectVersion = 55;
	objects = {

/* Begin PBXBuildFile section */
		82F7E5ADBEB82C5F06F83172 /* Pods_MoveOn_MoveOnUITests.framework in Frameworks */ = {isa = PBXBuildFile; fileRef = 652FF94E16C6BC75404E10D7 /* Pods_MoveOn_MoveOnUITests.framework */; };
		8B70BA4D9FFE5B80DE9C7535 /* Pods_MoveOnTests.framework in Frameworks */ = {isa = PBXBuildFile; fileRef = 058EF65327E1B0BDBA8D015A /* Pods_MoveOnTests.framework */; };
		9385A779DE6C1E6D6DE7592D /* Pods_MoveOn.framework in Frameworks */ = {isa = PBXBuildFile; fileRef = 81396FD55C68E8A330B757EC /* Pods_MoveOn.framework */; };
		FC010064274A1F5A0044D48D /* SearchWordCell.swift in Sources */ = {isa = PBXBuildFile; fileRef = FC010062274A1F5A0044D48D /* SearchWordCell.swift */; };
		FC010065274A1F5A0044D48D /* SearchWordCell.xib in Resources */ = {isa = PBXBuildFile; fileRef = FC010063274A1F5A0044D48D /* SearchWordCell.xib */; };
		FC010069274A9CFE0044D48D /* SearchWordTitleCell.xib in Resources */ = {isa = PBXBuildFile; fileRef = FC010068274A9CFE0044D48D /* SearchWordTitleCell.xib */; };
		FC1B510027467B7F00FAD1A4 /* EditPostingViewController.swift in Sources */ = {isa = PBXBuildFile; fileRef = FC1B50FE27467B7F00FAD1A4 /* EditPostingViewController.swift */; };
		FC1B510E2746BF5600FAD1A4 /* SearchImg.png in Resources */ = {isa = PBXBuildFile; fileRef = FC1B510D2746BF5600FAD1A4 /* SearchImg.png */; };
		FC1B51212746C5BB00FAD1A4 /* Main.storyboard in Resources */ = {isa = PBXBuildFile; fileRef = FC1B51202746C5BB00FAD1A4 /* Main.storyboard */; };
		FC270346273FE0A900241CA4 /* MapViewController.swift in Sources */ = {isa = PBXBuildFile; fileRef = FC270345273FE0A900241CA4 /* MapViewController.swift */; };
		FC27034A274011D500241CA4 /* CommunityViewController.swift in Sources */ = {isa = PBXBuildFile; fileRef = FC270349274011D500241CA4 /* CommunityViewController.swift */; };
		FC29A2222779E910005B1709 /* PostPhotoCell.swift in Sources */ = {isa = PBXBuildFile; fileRef = FC29A2212779E910005B1709 /* PostPhotoCell.swift */; };
		FC33CFB427931A0A003404D9 /* PostModel.swift in Sources */ = {isa = PBXBuildFile; fileRef = FC33CFB327931A0A003404D9 /* PostModel.swift */; };
		FC3734BA278DDEDB00553738 /* LoginToken.swift in Sources */ = {isa = PBXBuildFile; fileRef = FC3734B9278DDEDB00553738 /* LoginToken.swift */; };
		FC50CEC127480A1000056CCF /* MoreImg.png in Resources */ = {isa = PBXBuildFile; fileRef = FC50CEC027480A1000056CCF /* MoreImg.png */; };
		FC50CEC327480A9300056CCF /* CommentImg.png in Resources */ = {isa = PBXBuildFile; fileRef = FC50CEC227480A9300056CCF /* CommentImg.png */; };
		FC62163C2743AD9500578AD4 /* HashtagsCell.swift in Sources */ = {isa = PBXBuildFile; fileRef = FC62163B2743AD9500578AD4 /* HashtagsCell.swift */; };
		FC62163E2743AF7A00578AD4 /* HashtagsCell.xib in Resources */ = {isa = PBXBuildFile; fileRef = FC62163D2743AF7A00578AD4 /* HashtagsCell.xib */; };
		FC80AD802740BDE6002FDB6E /* HashtagCell.swift in Sources */ = {isa = PBXBuildFile; fileRef = FC80AD7E2740BDE6002FDB6E /* HashtagCell.swift */; };
		FC80AD812740BDE6002FDB6E /* HashtagCell.xib in Resources */ = {isa = PBXBuildFile; fileRef = FC80AD7F2740BDE6002FDB6E /* HashtagCell.xib */; };
		FC908C9D273CD26600C8C479 /* AppDelegate.swift in Sources */ = {isa = PBXBuildFile; fileRef = FC908C9C273CD26600C8C479 /* AppDelegate.swift */; };
		FC908C9F273CD26600C8C479 /* SceneDelegate.swift in Sources */ = {isa = PBXBuildFile; fileRef = FC908C9E273CD26600C8C479 /* SceneDelegate.swift */; };
		FC908CA1273CD26600C8C479 /* LoginViewController.swift in Sources */ = {isa = PBXBuildFile; fileRef = FC908CA0273CD26600C8C479 /* LoginViewController.swift */; };
		FC908CA7273CD26600C8C479 /* MoveOn.xcdatamodeld in Sources */ = {isa = PBXBuildFile; fileRef = FC908CA5273CD26600C8C479 /* MoveOn.xcdatamodeld */; };
		FC908CA9273CD26700C8C479 /* Assets.xcassets in Resources */ = {isa = PBXBuildFile; fileRef = FC908CA8273CD26700C8C479 /* Assets.xcassets */; };
		FC908CAC273CD26700C8C479 /* LaunchScreen.storyboard in Resources */ = {isa = PBXBuildFile; fileRef = FC908CAA273CD26700C8C479 /* LaunchScreen.storyboard */; };
		FC908CB7273CD26700C8C479 /* MoveOnTests.swift in Sources */ = {isa = PBXBuildFile; fileRef = FC908CB6273CD26700C8C479 /* MoveOnTests.swift */; };
		FC908CC1273CD26700C8C479 /* MoveOnUITests.swift in Sources */ = {isa = PBXBuildFile; fileRef = FC908CC0273CD26700C8C479 /* MoveOnUITests.swift */; };
		FC908CC3273CD26700C8C479 /* MoveOnUITestsLaunchTests.swift in Sources */ = {isa = PBXBuildFile; fileRef = FC908CC2273CD26700C8C479 /* MoveOnUITestsLaunchTests.swift */; };
		FCA9CFEA279FA8A400DD006E /* CommentViewController.swift in Sources */ = {isa = PBXBuildFile; fileRef = FCA9CFE9279FA8A400DD006E /* CommentViewController.swift */; };
		FCA9CFED279FA99200DD006E /* CommentModel.swift in Sources */ = {isa = PBXBuildFile; fileRef = FCA9CFEC279FA99200DD006E /* CommentModel.swift */; };
		FCA9CFEF279FC69000DD006E /* CommentListViewModel.swift in Sources */ = {isa = PBXBuildFile; fileRef = FCA9CFEE279FC69000DD006E /* CommentListViewModel.swift */; };
		FCA9CFF1279FDE8100DD006E /* CommentCell.swift in Sources */ = {isa = PBXBuildFile; fileRef = FCA9CFF0279FDE8100DD006E /* CommentCell.swift */; };
		FCA9CFF327A0429C00DD006E /* CommentResponseCell.swift in Sources */ = {isa = PBXBuildFile; fileRef = FCA9CFF227A0429C00DD006E /* CommentResponseCell.swift */; };
		FCB5BE3727900AD600650DAE /* KeyChainManager.swift in Sources */ = {isa = PBXBuildFile; fileRef = FCB5BE3627900AD600650DAE /* KeyChainManager.swift */; };
		FCB5BE392790230D00650DAE /* API.swift in Sources */ = {isa = PBXBuildFile; fileRef = FCB5BE382790230D00650DAE /* API.swift */; };
		FCB5BE3C279089C900650DAE /* TagModel.swift in Sources */ = {isa = PBXBuildFile; fileRef = FCB5BE3B279089C900650DAE /* TagModel.swift */; };
		FCBF99CC27495176003667B1 /* PinkButton.xib in Resources */ = {isa = PBXBuildFile; fileRef = FCBF99CB27495176003667B1 /* PinkButton.xib */; };
		FCBF99CE274952CA003667B1 /* PinkButton.swift in Sources */ = {isa = PBXBuildFile; fileRef = FCBF99CD274952CA003667B1 /* PinkButton.swift */; };
		FCC17FDC273D2DC800536A0F /* photo.png in Resources */ = {isa = PBXBuildFile; fileRef = FCC17FDB273D2DC800536A0F /* photo.png */; };
		FCC5295727A8F596000410CA /* UnivCertificationViewController.swift in Sources */ = {isa = PBXBuildFile; fileRef = FCC5295627A8F596000410CA /* UnivCertificationViewController.swift */; };
		FCCB33B527953CBD007D6ABF /* PostingCell.swift in Sources */ = {isa = PBXBuildFile; fileRef = FCCB33B327953CBD007D6ABF /* PostingCell.swift */; };
		FCCB33B627953CBD007D6ABF /* PostingCell.xib in Resources */ = {isa = PBXBuildFile; fileRef = FCCB33B427953CBD007D6ABF /* PostingCell.xib */; };
		FCCB3CEA27842F3D007FC58E /* SignUpViewController.swift in Sources */ = {isa = PBXBuildFile; fileRef = FCCB3CE927842F3D007FC58E /* SignUpViewController.swift */; };
/* End PBXBuildFile section */

/* Begin PBXContainerItemProxy section */
		FC908CB3273CD26700C8C479 /* PBXContainerItemProxy */ = {
			isa = PBXContainerItemProxy;
			containerPortal = FC908C91273CD26600C8C479 /* Project object */;
			proxyType = 1;
			remoteGlobalIDString = FC908C98273CD26600C8C479;
			remoteInfo = MoveOn;
		};
		FC908CBD273CD26700C8C479 /* PBXContainerItemProxy */ = {
			isa = PBXContainerItemProxy;
			containerPortal = FC908C91273CD26600C8C479 /* Project object */;
			proxyType = 1;
			remoteGlobalIDString = FC908C98273CD26600C8C479;
			remoteInfo = MoveOn;
		};
/* End PBXContainerItemProxy section */

/* Begin PBXFileReference section */
		0351BAA4958CB273921589F4 /* Pods-MoveOn.debug.xcconfig */ = {isa = PBXFileReference; includeInIndex = 1; lastKnownFileType = text.xcconfig; name = "Pods-MoveOn.debug.xcconfig"; path = "Target Support Files/Pods-MoveOn/Pods-MoveOn.debug.xcconfig"; sourceTree = "<group>"; };
		058EF65327E1B0BDBA8D015A /* Pods_MoveOnTests.framework */ = {isa = PBXFileReference; explicitFileType = wrapper.framework; includeInIndex = 0; path = Pods_MoveOnTests.framework; sourceTree = BUILT_PRODUCTS_DIR; };
		13ECB33715111EA4948F2B0C /* Pods-MoveOnTests.debug.xcconfig */ = {isa = PBXFileReference; includeInIndex = 1; lastKnownFileType = text.xcconfig; name = "Pods-MoveOnTests.debug.xcconfig"; path = "Target Support Files/Pods-MoveOnTests/Pods-MoveOnTests.debug.xcconfig"; sourceTree = "<group>"; };
		2F94F93A252D9689A334BAA8 /* Pods-MoveOn-MoveOnUITests.debug.xcconfig */ = {isa = PBXFileReference; includeInIndex = 1; lastKnownFileType = text.xcconfig; name = "Pods-MoveOn-MoveOnUITests.debug.xcconfig"; path = "Target Support Files/Pods-MoveOn-MoveOnUITests/Pods-MoveOn-MoveOnUITests.debug.xcconfig"; sourceTree = "<group>"; };
		5198160B6D26E3979B1783AD /* Pods-MoveOn.release.xcconfig */ = {isa = PBXFileReference; includeInIndex = 1; lastKnownFileType = text.xcconfig; name = "Pods-MoveOn.release.xcconfig"; path = "Target Support Files/Pods-MoveOn/Pods-MoveOn.release.xcconfig"; sourceTree = "<group>"; };
		5EC1B9CC863273D68F3768A6 /* Pods-MoveOn-MoveOnUITests.release.xcconfig */ = {isa = PBXFileReference; includeInIndex = 1; lastKnownFileType = text.xcconfig; name = "Pods-MoveOn-MoveOnUITests.release.xcconfig"; path = "Target Support Files/Pods-MoveOn-MoveOnUITests/Pods-MoveOn-MoveOnUITests.release.xcconfig"; sourceTree = "<group>"; };
		652FF94E16C6BC75404E10D7 /* Pods_MoveOn_MoveOnUITests.framework */ = {isa = PBXFileReference; explicitFileType = wrapper.framework; includeInIndex = 0; path = Pods_MoveOn_MoveOnUITests.framework; sourceTree = BUILT_PRODUCTS_DIR; };
		81396FD55C68E8A330B757EC /* Pods_MoveOn.framework */ = {isa = PBXFileReference; explicitFileType = wrapper.framework; includeInIndex = 0; path = Pods_MoveOn.framework; sourceTree = BUILT_PRODUCTS_DIR; };
		91BF86ABB3964E3B459F9331 /* Pods-MoveOnTests.release.xcconfig */ = {isa = PBXFileReference; includeInIndex = 1; lastKnownFileType = text.xcconfig; name = "Pods-MoveOnTests.release.xcconfig"; path = "Target Support Files/Pods-MoveOnTests/Pods-MoveOnTests.release.xcconfig"; sourceTree = "<group>"; };
		FC010062274A1F5A0044D48D /* SearchWordCell.swift */ = {isa = PBXFileReference; lastKnownFileType = sourcecode.swift; path = SearchWordCell.swift; sourceTree = "<group>"; };
		FC010063274A1F5A0044D48D /* SearchWordCell.xib */ = {isa = PBXFileReference; lastKnownFileType = file.xib; path = SearchWordCell.xib; sourceTree = "<group>"; };
		FC010068274A9CFE0044D48D /* SearchWordTitleCell.xib */ = {isa = PBXFileReference; lastKnownFileType = file.xib; path = SearchWordTitleCell.xib; sourceTree = "<group>"; };
		FC1B50FE27467B7F00FAD1A4 /* EditPostingViewController.swift */ = {isa = PBXFileReference; lastKnownFileType = sourcecode.swift; path = EditPostingViewController.swift; sourceTree = "<group>"; };
		FC1B510D2746BF5600FAD1A4 /* SearchImg.png */ = {isa = PBXFileReference; lastKnownFileType = image.png; name = SearchImg.png; path = ../../../../.Trash/SearchImg.png; sourceTree = "<group>"; };
		FC1B51202746C5BB00FAD1A4 /* Main.storyboard */ = {isa = PBXFileReference; fileEncoding = 4; lastKnownFileType = file.storyboard; name = Main.storyboard; path = ../../../.Trash/Main.storyboard; sourceTree = "<group>"; };
		FC270345273FE0A900241CA4 /* MapViewController.swift */ = {isa = PBXFileReference; lastKnownFileType = sourcecode.swift; path = MapViewController.swift; sourceTree = "<group>"; };
		FC270349274011D500241CA4 /* CommunityViewController.swift */ = {isa = PBXFileReference; lastKnownFileType = sourcecode.swift; path = CommunityViewController.swift; sourceTree = "<group>"; };
		FC29A2212779E910005B1709 /* PostPhotoCell.swift */ = {isa = PBXFileReference; lastKnownFileType = sourcecode.swift; path = PostPhotoCell.swift; sourceTree = "<group>"; };
		FC33CFB327931A0A003404D9 /* PostModel.swift */ = {isa = PBXFileReference; lastKnownFileType = sourcecode.swift; path = PostModel.swift; sourceTree = "<group>"; };
		FC3734B9278DDEDB00553738 /* LoginToken.swift */ = {isa = PBXFileReference; lastKnownFileType = sourcecode.swift; path = LoginToken.swift; sourceTree = "<group>"; };
		FC50CEC027480A1000056CCF /* MoreImg.png */ = {isa = PBXFileReference; lastKnownFileType = image.png; name = MoreImg.png; path = ../../../../Downloads/MoreImg.png; sourceTree = "<group>"; };
		FC50CEC227480A9300056CCF /* CommentImg.png */ = {isa = PBXFileReference; lastKnownFileType = image.png; name = CommentImg.png; path = ../../../../Downloads/CommentImg.png; sourceTree = "<group>"; };
		FC62163B2743AD9500578AD4 /* HashtagsCell.swift */ = {isa = PBXFileReference; lastKnownFileType = sourcecode.swift; path = HashtagsCell.swift; sourceTree = "<group>"; };
		FC62163D2743AF7A00578AD4 /* HashtagsCell.xib */ = {isa = PBXFileReference; lastKnownFileType = file.xib; path = HashtagsCell.xib; sourceTree = "<group>"; };
		FC80AD7E2740BDE6002FDB6E /* HashtagCell.swift */ = {isa = PBXFileReference; lastKnownFileType = sourcecode.swift; path = HashtagCell.swift; sourceTree = "<group>"; };
		FC80AD7F2740BDE6002FDB6E /* HashtagCell.xib */ = {isa = PBXFileReference; lastKnownFileType = file.xib; path = HashtagCell.xib; sourceTree = "<group>"; };
		FC908C99273CD26600C8C479 /* MoveOn.app */ = {isa = PBXFileReference; explicitFileType = wrapper.application; includeInIndex = 0; path = MoveOn.app; sourceTree = BUILT_PRODUCTS_DIR; };
		FC908C9C273CD26600C8C479 /* AppDelegate.swift */ = {isa = PBXFileReference; lastKnownFileType = sourcecode.swift; path = AppDelegate.swift; sourceTree = "<group>"; };
		FC908C9E273CD26600C8C479 /* SceneDelegate.swift */ = {isa = PBXFileReference; lastKnownFileType = sourcecode.swift; path = SceneDelegate.swift; sourceTree = "<group>"; };
		FC908CA0273CD26600C8C479 /* LoginViewController.swift */ = {isa = PBXFileReference; lastKnownFileType = sourcecode.swift; path = LoginViewController.swift; sourceTree = "<group>"; };
		FC908CA6273CD26600C8C479 /* MoveOn.xcdatamodel */ = {isa = PBXFileReference; lastKnownFileType = wrapper.xcdatamodel; path = MoveOn.xcdatamodel; sourceTree = "<group>"; };
		FC908CA8273CD26700C8C479 /* Assets.xcassets */ = {isa = PBXFileReference; lastKnownFileType = folder.assetcatalog; path = Assets.xcassets; sourceTree = "<group>"; };
		FC908CAB273CD26700C8C479 /* Base */ = {isa = PBXFileReference; lastKnownFileType = file.storyboard; name = Base; path = Base.lproj/LaunchScreen.storyboard; sourceTree = "<group>"; };
		FC908CAD273CD26700C8C479 /* Info.plist */ = {isa = PBXFileReference; lastKnownFileType = text.plist.xml; path = Info.plist; sourceTree = "<group>"; };
		FC908CB2273CD26700C8C479 /* MoveOnTests.xctest */ = {isa = PBXFileReference; explicitFileType = wrapper.cfbundle; includeInIndex = 0; path = MoveOnTests.xctest; sourceTree = BUILT_PRODUCTS_DIR; };
		FC908CB6273CD26700C8C479 /* MoveOnTests.swift */ = {isa = PBXFileReference; lastKnownFileType = sourcecode.swift; path = MoveOnTests.swift; sourceTree = "<group>"; };
		FC908CBC273CD26700C8C479 /* MoveOnUITests.xctest */ = {isa = PBXFileReference; explicitFileType = wrapper.cfbundle; includeInIndex = 0; path = MoveOnUITests.xctest; sourceTree = BUILT_PRODUCTS_DIR; };
		FC908CC0273CD26700C8C479 /* MoveOnUITests.swift */ = {isa = PBXFileReference; lastKnownFileType = sourcecode.swift; path = MoveOnUITests.swift; sourceTree = "<group>"; };
		FC908CC2273CD26700C8C479 /* MoveOnUITestsLaunchTests.swift */ = {isa = PBXFileReference; lastKnownFileType = sourcecode.swift; path = MoveOnUITestsLaunchTests.swift; sourceTree = "<group>"; };
		FCA9CFE9279FA8A400DD006E /* CommentViewController.swift */ = {isa = PBXFileReference; lastKnownFileType = sourcecode.swift; path = CommentViewController.swift; sourceTree = "<group>"; };
		FCA9CFEC279FA99200DD006E /* CommentModel.swift */ = {isa = PBXFileReference; lastKnownFileType = sourcecode.swift; path = CommentModel.swift; sourceTree = "<group>"; };
		FCA9CFEE279FC69000DD006E /* CommentListViewModel.swift */ = {isa = PBXFileReference; lastKnownFileType = sourcecode.swift; path = CommentListViewModel.swift; sourceTree = "<group>"; };
		FCA9CFF0279FDE8100DD006E /* CommentCell.swift */ = {isa = PBXFileReference; lastKnownFileType = sourcecode.swift; path = CommentCell.swift; sourceTree = "<group>"; };
		FCA9CFF227A0429C00DD006E /* CommentResponseCell.swift */ = {isa = PBXFileReference; lastKnownFileType = sourcecode.swift; path = CommentResponseCell.swift; sourceTree = "<group>"; };
		FCB5BE3627900AD600650DAE /* KeyChainManager.swift */ = {isa = PBXFileReference; lastKnownFileType = sourcecode.swift; path = KeyChainManager.swift; sourceTree = "<group>"; };
		FCB5BE382790230D00650DAE /* API.swift */ = {isa = PBXFileReference; lastKnownFileType = sourcecode.swift; path = API.swift; sourceTree = "<group>"; };
		FCB5BE3B279089C900650DAE /* TagModel.swift */ = {isa = PBXFileReference; lastKnownFileType = sourcecode.swift; path = TagModel.swift; sourceTree = "<group>"; };
		FCBF99CB27495176003667B1 /* PinkButton.xib */ = {isa = PBXFileReference; lastKnownFileType = file.xib; path = PinkButton.xib; sourceTree = "<group>"; };
		FCBF99CD274952CA003667B1 /* PinkButton.swift */ = {isa = PBXFileReference; lastKnownFileType = sourcecode.swift; path = PinkButton.swift; sourceTree = "<group>"; };
		FCC17FDB273D2DC800536A0F /* photo.png */ = {isa = PBXFileReference; lastKnownFileType = image.png; name = photo.png; path = ../../../Desktop/photo.png; sourceTree = "<group>"; };
		FCC5295627A8F596000410CA /* UnivCertificationViewController.swift */ = {isa = PBXFileReference; lastKnownFileType = sourcecode.swift; path = UnivCertificationViewController.swift; sourceTree = "<group>"; };
		FCCB33B327953CBD007D6ABF /* PostingCell.swift */ = {isa = PBXFileReference; lastKnownFileType = sourcecode.swift; path = PostingCell.swift; sourceTree = "<group>"; };
		FCCB33B427953CBD007D6ABF /* PostingCell.xib */ = {isa = PBXFileReference; lastKnownFileType = file.xib; path = PostingCell.xib; sourceTree = "<group>"; };
		FCCB3CE927842F3D007FC58E /* SignUpViewController.swift */ = {isa = PBXFileReference; lastKnownFileType = sourcecode.swift; path = SignUpViewController.swift; sourceTree = "<group>"; };
/* End PBXFileReference section */

/* Begin PBXFrameworksBuildPhase section */
		FC908C96273CD26600C8C479 /* Frameworks */ = {
			isa = PBXFrameworksBuildPhase;
			buildActionMask = 2147483647;
			files = (
				9385A779DE6C1E6D6DE7592D /* Pods_MoveOn.framework in Frameworks */,
			);
			runOnlyForDeploymentPostprocessing = 0;
		};
		FC908CAF273CD26700C8C479 /* Frameworks */ = {
			isa = PBXFrameworksBuildPhase;
			buildActionMask = 2147483647;
			files = (
				8B70BA4D9FFE5B80DE9C7535 /* Pods_MoveOnTests.framework in Frameworks */,
			);
			runOnlyForDeploymentPostprocessing = 0;
		};
		FC908CB9273CD26700C8C479 /* Frameworks */ = {
			isa = PBXFrameworksBuildPhase;
			buildActionMask = 2147483647;
			files = (
				82F7E5ADBEB82C5F06F83172 /* Pods_MoveOn_MoveOnUITests.framework in Frameworks */,
			);
			runOnlyForDeploymentPostprocessing = 0;
		};
/* End PBXFrameworksBuildPhase section */

/* Begin PBXGroup section */
		1A6C56192E4E1FD9D8EA0AA8 /* Pods */ = {
			isa = PBXGroup;
			children = (
				0351BAA4958CB273921589F4 /* Pods-MoveOn.debug.xcconfig */,
				5198160B6D26E3979B1783AD /* Pods-MoveOn.release.xcconfig */,
				2F94F93A252D9689A334BAA8 /* Pods-MoveOn-MoveOnUITests.debug.xcconfig */,
				5EC1B9CC863273D68F3768A6 /* Pods-MoveOn-MoveOnUITests.release.xcconfig */,
				13ECB33715111EA4948F2B0C /* Pods-MoveOnTests.debug.xcconfig */,
				91BF86ABB3964E3B459F9331 /* Pods-MoveOnTests.release.xcconfig */,
			);
			path = Pods;
			sourceTree = "<group>";
		};
		85548BCEA82CDF3E60EB5350 /* Frameworks */ = {
			isa = PBXGroup;
			children = (
				81396FD55C68E8A330B757EC /* Pods_MoveOn.framework */,
				652FF94E16C6BC75404E10D7 /* Pods_MoveOn_MoveOnUITests.framework */,
				058EF65327E1B0BDBA8D015A /* Pods_MoveOnTests.framework */,
			);
			name = Frameworks;
			sourceTree = "<group>";
		};
		FC1B50FB274660CC00FAD1A4 /* Images */ = {
			isa = PBXGroup;
			children = (
				FC1B510D2746BF5600FAD1A4 /* SearchImg.png */,
				FC50CEC227480A9300056CCF /* CommentImg.png */,
				FC50CEC027480A1000056CCF /* MoreImg.png */,
			);
			path = Images;
			sourceTree = "<group>";
		};
		FC3734B8278DDEA000553738 /* Networking */ = {
			isa = PBXGroup;
			children = (
				FCB5BE382790230D00650DAE /* API.swift */,
			);
			path = Networking;
			sourceTree = "<group>";
		};
		FC80AD8227415FE5002FDB6E /* VCs */ = {
			isa = PBXGroup;
			children = (
				FC908CA0273CD26600C8C479 /* LoginViewController.swift */,
				FCC5295627A8F596000410CA /* UnivCertificationViewController.swift */,
				FCCB3CE927842F3D007FC58E /* SignUpViewController.swift */,
				FC270345273FE0A900241CA4 /* MapViewController.swift */,
				FC270349274011D500241CA4 /* CommunityViewController.swift */,
				FC1B50FE27467B7F00FAD1A4 /* EditPostingViewController.swift */,
				FCA9CFE9279FA8A400DD006E /* CommentViewController.swift */,
			);
			path = VCs;
			sourceTree = "<group>";
		};
		FC80AD8327416036002FDB6E /* Cells */ = {
			isa = PBXGroup;
			children = (
				FC80AD842741606E002FDB6E /* XIBs */,
				FC80AD7E2740BDE6002FDB6E /* HashtagCell.swift */,
				FC62163B2743AD9500578AD4 /* HashtagsCell.swift */,
				FC010062274A1F5A0044D48D /* SearchWordCell.swift */,
				FCBF99CD274952CA003667B1 /* PinkButton.swift */,
				FC29A2212779E910005B1709 /* PostPhotoCell.swift */,
				FCCB33B327953CBD007D6ABF /* PostingCell.swift */,
				FCA9CFF0279FDE8100DD006E /* CommentCell.swift */,
				FCA9CFF227A0429C00DD006E /* CommentResponseCell.swift */,
			);
			path = Cells;
			sourceTree = "<group>";
		};
		FC80AD842741606E002FDB6E /* XIBs */ = {
			isa = PBXGroup;
			children = (
				FC80AD7F2740BDE6002FDB6E /* HashtagCell.xib */,
				FC62163D2743AF7A00578AD4 /* HashtagsCell.xib */,
				FC010063274A1F5A0044D48D /* SearchWordCell.xib */,
				FCBF99CB27495176003667B1 /* PinkButton.xib */,
				FC010068274A9CFE0044D48D /* SearchWordTitleCell.xib */,
				FCCB33B427953CBD007D6ABF /* PostingCell.xib */,
			);
			path = XIBs;
			sourceTree = "<group>";
		};
		FC908C90273CD26600C8C479 = {
			isa = PBXGroup;
			children = (
				FC908C9B273CD26600C8C479 /* MoveOn */,
				FC908CB5273CD26700C8C479 /* MoveOnTests */,
				FC908CBF273CD26700C8C479 /* MoveOnUITests */,
				FC908C9A273CD26600C8C479 /* Products */,
				1A6C56192E4E1FD9D8EA0AA8 /* Pods */,
				85548BCEA82CDF3E60EB5350 /* Frameworks */,
			);
			sourceTree = "<group>";
		};
		FC908C9A273CD26600C8C479 /* Products */ = {
			isa = PBXGroup;
			children = (
				FC908C99273CD26600C8C479 /* MoveOn.app */,
				FC908CB2273CD26700C8C479 /* MoveOnTests.xctest */,
				FC908CBC273CD26700C8C479 /* MoveOnUITests.xctest */,
			);
			name = Products;
			sourceTree = "<group>";
		};
		FC908C9B273CD26600C8C479 /* MoveOn */ = {
			isa = PBXGroup;
			children = (
				FCA85902278F2AF70038E127 /* Utils */,
				FC3734B8278DDEA000553738 /* Networking */,
				FC1B50FB274660CC00FAD1A4 /* Images */,
				FCA9CFEB279FA95900DD006E /* ViewModel */,
				FCB5BE3A2790899B00650DAE /* Models */,
				FC80AD8327416036002FDB6E /* Cells */,
				FC80AD8227415FE5002FDB6E /* VCs */,
				FC908C9C273CD26600C8C479 /* AppDelegate.swift */,
				FC1B51202746C5BB00FAD1A4 /* Main.storyboard */,
				FC908C9E273CD26600C8C479 /* SceneDelegate.swift */,
				FCC17FDB273D2DC800536A0F /* photo.png */,
				FC908CA8273CD26700C8C479 /* Assets.xcassets */,
				FC908CAA273CD26700C8C479 /* LaunchScreen.storyboard */,
				FC908CAD273CD26700C8C479 /* Info.plist */,
				FC908CA5273CD26600C8C479 /* MoveOn.xcdatamodeld */,
			);
			path = MoveOn;
			sourceTree = "<group>";
		};
		FC908CB5273CD26700C8C479 /* MoveOnTests */ = {
			isa = PBXGroup;
			children = (
				FC908CB6273CD26700C8C479 /* MoveOnTests.swift */,
			);
			path = MoveOnTests;
			sourceTree = "<group>";
		};
		FC908CBF273CD26700C8C479 /* MoveOnUITests */ = {
			isa = PBXGroup;
			children = (
				FC908CC0273CD26700C8C479 /* MoveOnUITests.swift */,
				FC908CC2273CD26700C8C479 /* MoveOnUITestsLaunchTests.swift */,
			);
			path = MoveOnUITests;
			sourceTree = "<group>";
		};
		FCA85902278F2AF70038E127 /* Utils */ = {
			isa = PBXGroup;
			children = (
				FCB5BE3627900AD600650DAE /* KeyChainManager.swift */,
			);
			path = Utils;
			sourceTree = "<group>";
		};
		FCA9CFEB279FA95900DD006E /* ViewModel */ = {
			isa = PBXGroup;
			children = (
				FCA9CFEE279FC69000DD006E /* CommentListViewModel.swift */,
			);
			path = ViewModel;
			sourceTree = "<group>";
		};
		FCB5BE3A2790899B00650DAE /* Models */ = {
			isa = PBXGroup;
			children = (
				FC3734B9278DDEDB00553738 /* LoginToken.swift */,
				FCB5BE3B279089C900650DAE /* TagModel.swift */,
				FC33CFB327931A0A003404D9 /* PostModel.swift */,
				FCA9CFEC279FA99200DD006E /* CommentModel.swift */,
			);
			path = Models;
			sourceTree = "<group>";
		};
/* End PBXGroup section */

/* Begin PBXNativeTarget section */
		FC908C98273CD26600C8C479 /* MoveOn */ = {
			isa = PBXNativeTarget;
			buildConfigurationList = FC908CC6273CD26700C8C479 /* Build configuration list for PBXNativeTarget "MoveOn" */;
			buildPhases = (
				64002705F17EAC3FA89112DA /* [CP] Check Pods Manifest.lock */,
				FC908C95273CD26600C8C479 /* Sources */,
				FC908C96273CD26600C8C479 /* Frameworks */,
				FC908C97273CD26600C8C479 /* Resources */,
				2E1CA8FD174964A3EF939FC7 /* [CP] Embed Pods Frameworks */,
			);
			buildRules = (
			);
			dependencies = (
			);
			name = MoveOn;
			productName = MoveOn;
			productReference = FC908C99273CD26600C8C479 /* MoveOn.app */;
			productType = "com.apple.product-type.application";
		};
		FC908CB1273CD26700C8C479 /* MoveOnTests */ = {
			isa = PBXNativeTarget;
			buildConfigurationList = FC908CC9273CD26700C8C479 /* Build configuration list for PBXNativeTarget "MoveOnTests" */;
			buildPhases = (
				23F94E5E5F2A260EF376E5FA /* [CP] Check Pods Manifest.lock */,
				FC908CAE273CD26700C8C479 /* Sources */,
				FC908CAF273CD26700C8C479 /* Frameworks */,
				FC908CB0273CD26700C8C479 /* Resources */,
			);
			buildRules = (
			);
			dependencies = (
				FC908CB4273CD26700C8C479 /* PBXTargetDependency */,
			);
			name = MoveOnTests;
			productName = MoveOnTests;
			productReference = FC908CB2273CD26700C8C479 /* MoveOnTests.xctest */;
			productType = "com.apple.product-type.bundle.unit-test";
		};
		FC908CBB273CD26700C8C479 /* MoveOnUITests */ = {
			isa = PBXNativeTarget;
			buildConfigurationList = FC908CCC273CD26700C8C479 /* Build configuration list for PBXNativeTarget "MoveOnUITests" */;
			buildPhases = (
				3A389E9BA255199EDD1F9C82 /* [CP] Check Pods Manifest.lock */,
				FC908CB8273CD26700C8C479 /* Sources */,
				FC908CB9273CD26700C8C479 /* Frameworks */,
				FC908CBA273CD26700C8C479 /* Resources */,
				65BCCED96D996C1D7F91657F /* [CP] Embed Pods Frameworks */,
			);
			buildRules = (
			);
			dependencies = (
				FC908CBE273CD26700C8C479 /* PBXTargetDependency */,
			);
			name = MoveOnUITests;
			productName = MoveOnUITests;
			productReference = FC908CBC273CD26700C8C479 /* MoveOnUITests.xctest */;
			productType = "com.apple.product-type.bundle.ui-testing";
		};
/* End PBXNativeTarget section */

/* Begin PBXProject section */
		FC908C91273CD26600C8C479 /* Project object */ = {
			isa = PBXProject;
			attributes = {
				BuildIndependentTargetsInParallel = 1;
				LastSwiftUpdateCheck = 1310;
				LastUpgradeCheck = 1310;
				TargetAttributes = {
					FC908C98273CD26600C8C479 = {
						CreatedOnToolsVersion = 13.1;
					};
					FC908CB1273CD26700C8C479 = {
						CreatedOnToolsVersion = 13.1;
						TestTargetID = FC908C98273CD26600C8C479;
					};
					FC908CBB273CD26700C8C479 = {
						CreatedOnToolsVersion = 13.1;
						TestTargetID = FC908C98273CD26600C8C479;
					};
				};
			};
			buildConfigurationList = FC908C94273CD26600C8C479 /* Build configuration list for PBXProject "MoveOn" */;
			compatibilityVersion = "Xcode 13.0";
			developmentRegion = en;
			hasScannedForEncodings = 0;
			knownRegions = (
				en,
				Base,
			);
			mainGroup = FC908C90273CD26600C8C479;
			productRefGroup = FC908C9A273CD26600C8C479 /* Products */;
			projectDirPath = "";
			projectRoot = "";
			targets = (
				FC908C98273CD26600C8C479 /* MoveOn */,
				FC908CB1273CD26700C8C479 /* MoveOnTests */,
				FC908CBB273CD26700C8C479 /* MoveOnUITests */,
			);
		};
/* End PBXProject section */

/* Begin PBXResourcesBuildPhase section */
		FC908C97273CD26600C8C479 /* Resources */ = {
			isa = PBXResourcesBuildPhase;
			buildActionMask = 2147483647;
			files = (
				FC010069274A9CFE0044D48D /* SearchWordTitleCell.xib in Resources */,
				FC010065274A1F5A0044D48D /* SearchWordCell.xib in Resources */,
				FC62163E2743AF7A00578AD4 /* HashtagsCell.xib in Resources */,
				FCBF99CC27495176003667B1 /* PinkButton.xib in Resources */,
				FC50CEC327480A9300056CCF /* CommentImg.png in Resources */,
				FC908CAC273CD26700C8C479 /* LaunchScreen.storyboard in Resources */,
				FC1B51212746C5BB00FAD1A4 /* Main.storyboard in Resources */,
				FC80AD812740BDE6002FDB6E /* HashtagCell.xib in Resources */,
				FC50CEC127480A1000056CCF /* MoreImg.png in Resources */,
				FC908CA9273CD26700C8C479 /* Assets.xcassets in Resources */,
				FCC17FDC273D2DC800536A0F /* photo.png in Resources */,
				FCCB33B627953CBD007D6ABF /* PostingCell.xib in Resources */,
				FC1B510E2746BF5600FAD1A4 /* SearchImg.png in Resources */,
			);
			runOnlyForDeploymentPostprocessing = 0;
		};
		FC908CB0273CD26700C8C479 /* Resources */ = {
			isa = PBXResourcesBuildPhase;
			buildActionMask = 2147483647;
			files = (
			);
			runOnlyForDeploymentPostprocessing = 0;
		};
		FC908CBA273CD26700C8C479 /* Resources */ = {
			isa = PBXResourcesBuildPhase;
			buildActionMask = 2147483647;
			files = (
			);
			runOnlyForDeploymentPostprocessing = 0;
		};
/* End PBXResourcesBuildPhase section */

/* Begin PBXShellScriptBuildPhase section */
		23F94E5E5F2A260EF376E5FA /* [CP] Check Pods Manifest.lock */ = {
			isa = PBXShellScriptBuildPhase;
			buildActionMask = 2147483647;
			files = (
			);
			inputFileListPaths = (
			);
			inputPaths = (
				"${PODS_PODFILE_DIR_PATH}/Podfile.lock",
				"${PODS_ROOT}/Manifest.lock",
			);
			name = "[CP] Check Pods Manifest.lock";
			outputFileListPaths = (
			);
			outputPaths = (
				"$(DERIVED_FILE_DIR)/Pods-MoveOnTests-checkManifestLockResult.txt",
			);
			runOnlyForDeploymentPostprocessing = 0;
			shellPath = /bin/sh;
			shellScript = "diff \"${PODS_PODFILE_DIR_PATH}/Podfile.lock\" \"${PODS_ROOT}/Manifest.lock\" > /dev/null\nif [ $? != 0 ] ; then\n    # print error to STDERR\n    echo \"error: The sandbox is not in sync with the Podfile.lock. Run 'pod install' or update your CocoaPods installation.\" >&2\n    exit 1\nfi\n# This output is used by Xcode 'outputs' to avoid re-running this script phase.\necho \"SUCCESS\" > \"${SCRIPT_OUTPUT_FILE_0}\"\n";
			showEnvVarsInLog = 0;
		};
		2E1CA8FD174964A3EF939FC7 /* [CP] Embed Pods Frameworks */ = {
			isa = PBXShellScriptBuildPhase;
			buildActionMask = 2147483647;
			files = (
			);
			inputFileListPaths = (
				"${PODS_ROOT}/Target Support Files/Pods-MoveOn/Pods-MoveOn-frameworks-${CONFIGURATION}-input-files.xcfilelist",
			);
			name = "[CP] Embed Pods Frameworks";
			outputFileListPaths = (
				"${PODS_ROOT}/Target Support Files/Pods-MoveOn/Pods-MoveOn-frameworks-${CONFIGURATION}-output-files.xcfilelist",
			);
			runOnlyForDeploymentPostprocessing = 0;
			shellPath = /bin/sh;
			shellScript = "\"${PODS_ROOT}/Target Support Files/Pods-MoveOn/Pods-MoveOn-frameworks.sh\"\n";
			showEnvVarsInLog = 0;
		};
		3A389E9BA255199EDD1F9C82 /* [CP] Check Pods Manifest.lock */ = {
			isa = PBXShellScriptBuildPhase;
			buildActionMask = 2147483647;
			files = (
			);
			inputFileListPaths = (
			);
			inputPaths = (
				"${PODS_PODFILE_DIR_PATH}/Podfile.lock",
				"${PODS_ROOT}/Manifest.lock",
			);
			name = "[CP] Check Pods Manifest.lock";
			outputFileListPaths = (
			);
			outputPaths = (
				"$(DERIVED_FILE_DIR)/Pods-MoveOn-MoveOnUITests-checkManifestLockResult.txt",
			);
			runOnlyForDeploymentPostprocessing = 0;
			shellPath = /bin/sh;
			shellScript = "diff \"${PODS_PODFILE_DIR_PATH}/Podfile.lock\" \"${PODS_ROOT}/Manifest.lock\" > /dev/null\nif [ $? != 0 ] ; then\n    # print error to STDERR\n    echo \"error: The sandbox is not in sync with the Podfile.lock. Run 'pod install' or update your CocoaPods installation.\" >&2\n    exit 1\nfi\n# This output is used by Xcode 'outputs' to avoid re-running this script phase.\necho \"SUCCESS\" > \"${SCRIPT_OUTPUT_FILE_0}\"\n";
			showEnvVarsInLog = 0;
		};
		64002705F17EAC3FA89112DA /* [CP] Check Pods Manifest.lock */ = {
			isa = PBXShellScriptBuildPhase;
			buildActionMask = 2147483647;
			files = (
			);
			inputFileListPaths = (
			);
			inputPaths = (
				"${PODS_PODFILE_DIR_PATH}/Podfile.lock",
				"${PODS_ROOT}/Manifest.lock",
			);
			name = "[CP] Check Pods Manifest.lock";
			outputFileListPaths = (
			);
			outputPaths = (
				"$(DERIVED_FILE_DIR)/Pods-MoveOn-checkManifestLockResult.txt",
			);
			runOnlyForDeploymentPostprocessing = 0;
			shellPath = /bin/sh;
			shellScript = "diff \"${PODS_PODFILE_DIR_PATH}/Podfile.lock\" \"${PODS_ROOT}/Manifest.lock\" > /dev/null\nif [ $? != 0 ] ; then\n    # print error to STDERR\n    echo \"error: The sandbox is not in sync with the Podfile.lock. Run 'pod install' or update your CocoaPods installation.\" >&2\n    exit 1\nfi\n# This output is used by Xcode 'outputs' to avoid re-running this script phase.\necho \"SUCCESS\" > \"${SCRIPT_OUTPUT_FILE_0}\"\n";
			showEnvVarsInLog = 0;
		};
		65BCCED96D996C1D7F91657F /* [CP] Embed Pods Frameworks */ = {
			isa = PBXShellScriptBuildPhase;
			buildActionMask = 2147483647;
			files = (
			);
			inputFileListPaths = (
				"${PODS_ROOT}/Target Support Files/Pods-MoveOn-MoveOnUITests/Pods-MoveOn-MoveOnUITests-frameworks-${CONFIGURATION}-input-files.xcfilelist",
			);
			name = "[CP] Embed Pods Frameworks";
			outputFileListPaths = (
				"${PODS_ROOT}/Target Support Files/Pods-MoveOn-MoveOnUITests/Pods-MoveOn-MoveOnUITests-frameworks-${CONFIGURATION}-output-files.xcfilelist",
			);
			runOnlyForDeploymentPostprocessing = 0;
			shellPath = /bin/sh;
			shellScript = "\"${PODS_ROOT}/Target Support Files/Pods-MoveOn-MoveOnUITests/Pods-MoveOn-MoveOnUITests-frameworks.sh\"\n";
			showEnvVarsInLog = 0;
		};
/* End PBXShellScriptBuildPhase section */

/* Begin PBXSourcesBuildPhase section */
		FC908C95273CD26600C8C479 /* Sources */ = {
			isa = PBXSourcesBuildPhase;
			buildActionMask = 2147483647;
			files = (
				FCA9CFEA279FA8A400DD006E /* CommentViewController.swift in Sources */,
				FC908CA1273CD26600C8C479 /* LoginViewController.swift in Sources */,
				FCB5BE3C279089C900650DAE /* TagModel.swift in Sources */,
				FC908C9D273CD26600C8C479 /* AppDelegate.swift in Sources */,
				FCA9CFED279FA99200DD006E /* CommentModel.swift in Sources */,
				FC27034A274011D500241CA4 /* CommunityViewController.swift in Sources */,
				FC1B510027467B7F00FAD1A4 /* EditPostingViewController.swift in Sources */,
				FC3734BA278DDEDB00553738 /* LoginToken.swift in Sources */,
				FC010064274A1F5A0044D48D /* SearchWordCell.swift in Sources */,
				FCB5BE3727900AD600650DAE /* KeyChainManager.swift in Sources */,
				FCBF99CE274952CA003667B1 /* PinkButton.swift in Sources */,
				FC80AD802740BDE6002FDB6E /* HashtagCell.swift in Sources */,
				FCC5295727A8F596000410CA /* UnivCertificationViewController.swift in Sources */,
				FCCB3CEA27842F3D007FC58E /* SignUpViewController.swift in Sources */,
				FCA9CFF1279FDE8100DD006E /* CommentCell.swift in Sources */,
				FC908C9F273CD26600C8C479 /* SceneDelegate.swift in Sources */,
				FC270346273FE0A900241CA4 /* MapViewController.swift in Sources */,
				FC33CFB427931A0A003404D9 /* PostModel.swift in Sources */,
				FC908CA7273CD26600C8C479 /* MoveOn.xcdatamodeld in Sources */,
				FC29A2222779E910005B1709 /* PostPhotoCell.swift in Sources */,
				FCB5BE392790230D00650DAE /* API.swift in Sources */,
				FC62163C2743AD9500578AD4 /* HashtagsCell.swift in Sources */,
				FCA9CFEF279FC69000DD006E /* CommentListViewModel.swift in Sources */,
				FCA9CFF327A0429C00DD006E /* CommentResponseCell.swift in Sources */,
				FCCB33B527953CBD007D6ABF /* PostingCell.swift in Sources */,
			);
			runOnlyForDeploymentPostprocessing = 0;
		};
		FC908CAE273CD26700C8C479 /* Sources */ = {
			isa = PBXSourcesBuildPhase;
			buildActionMask = 2147483647;
			files = (
				FC908CB7273CD26700C8C479 /* MoveOnTests.swift in Sources */,
			);
			runOnlyForDeploymentPostprocessing = 0;
		};
		FC908CB8273CD26700C8C479 /* Sources */ = {
			isa = PBXSourcesBuildPhase;
			buildActionMask = 2147483647;
			files = (
				FC908CC3273CD26700C8C479 /* MoveOnUITestsLaunchTests.swift in Sources */,
				FC908CC1273CD26700C8C479 /* MoveOnUITests.swift in Sources */,
			);
			runOnlyForDeploymentPostprocessing = 0;
		};
/* End PBXSourcesBuildPhase section */

/* Begin PBXTargetDependency section */
		FC908CB4273CD26700C8C479 /* PBXTargetDependency */ = {
			isa = PBXTargetDependency;
			target = FC908C98273CD26600C8C479 /* MoveOn */;
			targetProxy = FC908CB3273CD26700C8C479 /* PBXContainerItemProxy */;
		};
		FC908CBE273CD26700C8C479 /* PBXTargetDependency */ = {
			isa = PBXTargetDependency;
			target = FC908C98273CD26600C8C479 /* MoveOn */;
			targetProxy = FC908CBD273CD26700C8C479 /* PBXContainerItemProxy */;
		};
/* End PBXTargetDependency section */

/* Begin PBXVariantGroup section */
		FC908CAA273CD26700C8C479 /* LaunchScreen.storyboard */ = {
			isa = PBXVariantGroup;
			children = (
				FC908CAB273CD26700C8C479 /* Base */,
			);
			name = LaunchScreen.storyboard;
			sourceTree = "<group>";
		};
/* End PBXVariantGroup section */

/* Begin XCBuildConfiguration section */
		FC908CC4273CD26700C8C479 /* Debug */ = {
			isa = XCBuildConfiguration;
			buildSettings = {
				ALWAYS_SEARCH_USER_PATHS = NO;
				CLANG_ANALYZER_NONNULL = YES;
				CLANG_ANALYZER_NUMBER_OBJECT_CONVERSION = YES_AGGRESSIVE;
				CLANG_CXX_LANGUAGE_STANDARD = "gnu++17";
				CLANG_CXX_LIBRARY = "libc++";
				CLANG_ENABLE_MODULES = YES;
				CLANG_ENABLE_OBJC_ARC = YES;
				CLANG_ENABLE_OBJC_WEAK = YES;
				CLANG_WARN_BLOCK_CAPTURE_AUTORELEASING = YES;
				CLANG_WARN_BOOL_CONVERSION = YES;
				CLANG_WARN_COMMA = YES;
				CLANG_WARN_CONSTANT_CONVERSION = YES;
				CLANG_WARN_DEPRECATED_OBJC_IMPLEMENTATIONS = YES;
				CLANG_WARN_DIRECT_OBJC_ISA_USAGE = YES_ERROR;
				CLANG_WARN_DOCUMENTATION_COMMENTS = YES;
				CLANG_WARN_EMPTY_BODY = YES;
				CLANG_WARN_ENUM_CONVERSION = YES;
				CLANG_WARN_INFINITE_RECURSION = YES;
				CLANG_WARN_INT_CONVERSION = YES;
				CLANG_WARN_NON_LITERAL_NULL_CONVERSION = YES;
				CLANG_WARN_OBJC_IMPLICIT_RETAIN_SELF = YES;
				CLANG_WARN_OBJC_LITERAL_CONVERSION = YES;
				CLANG_WARN_OBJC_ROOT_CLASS = YES_ERROR;
				CLANG_WARN_QUOTED_INCLUDE_IN_FRAMEWORK_HEADER = YES;
				CLANG_WARN_RANGE_LOOP_ANALYSIS = YES;
				CLANG_WARN_STRICT_PROTOTYPES = YES;
				CLANG_WARN_SUSPICIOUS_MOVE = YES;
				CLANG_WARN_UNGUARDED_AVAILABILITY = YES_AGGRESSIVE;
				CLANG_WARN_UNREACHABLE_CODE = YES;
				CLANG_WARN__DUPLICATE_METHOD_MATCH = YES;
				COPY_PHASE_STRIP = NO;
				DEBUG_INFORMATION_FORMAT = dwarf;
				ENABLE_STRICT_OBJC_MSGSEND = YES;
				ENABLE_TESTABILITY = YES;
				GCC_C_LANGUAGE_STANDARD = gnu11;
				GCC_DYNAMIC_NO_PIC = NO;
				GCC_NO_COMMON_BLOCKS = YES;
				GCC_OPTIMIZATION_LEVEL = 0;
				GCC_PREPROCESSOR_DEFINITIONS = (
					"DEBUG=1",
					"$(inherited)",
				);
				GCC_WARN_64_TO_32_BIT_CONVERSION = YES;
				GCC_WARN_ABOUT_RETURN_TYPE = YES_ERROR;
				GCC_WARN_UNDECLARED_SELECTOR = YES;
				GCC_WARN_UNINITIALIZED_AUTOS = YES_AGGRESSIVE;
				GCC_WARN_UNUSED_FUNCTION = YES;
				GCC_WARN_UNUSED_VARIABLE = YES;
				IPHONEOS_DEPLOYMENT_TARGET = 15.0;
				MTL_ENABLE_DEBUG_INFO = INCLUDE_SOURCE;
				MTL_FAST_MATH = YES;
				ONLY_ACTIVE_ARCH = YES;
				SDKROOT = iphoneos;
				SWIFT_ACTIVE_COMPILATION_CONDITIONS = DEBUG;
				SWIFT_OPTIMIZATION_LEVEL = "-Onone";
			};
			name = Debug;
		};
		FC908CC5273CD26700C8C479 /* Release */ = {
			isa = XCBuildConfiguration;
			buildSettings = {
				ALWAYS_SEARCH_USER_PATHS = NO;
				CLANG_ANALYZER_NONNULL = YES;
				CLANG_ANALYZER_NUMBER_OBJECT_CONVERSION = YES_AGGRESSIVE;
				CLANG_CXX_LANGUAGE_STANDARD = "gnu++17";
				CLANG_CXX_LIBRARY = "libc++";
				CLANG_ENABLE_MODULES = YES;
				CLANG_ENABLE_OBJC_ARC = YES;
				CLANG_ENABLE_OBJC_WEAK = YES;
				CLANG_WARN_BLOCK_CAPTURE_AUTORELEASING = YES;
				CLANG_WARN_BOOL_CONVERSION = YES;
				CLANG_WARN_COMMA = YES;
				CLANG_WARN_CONSTANT_CONVERSION = YES;
				CLANG_WARN_DEPRECATED_OBJC_IMPLEMENTATIONS = YES;
				CLANG_WARN_DIRECT_OBJC_ISA_USAGE = YES_ERROR;
				CLANG_WARN_DOCUMENTATION_COMMENTS = YES;
				CLANG_WARN_EMPTY_BODY = YES;
				CLANG_WARN_ENUM_CONVERSION = YES;
				CLANG_WARN_INFINITE_RECURSION = YES;
				CLANG_WARN_INT_CONVERSION = YES;
				CLANG_WARN_NON_LITERAL_NULL_CONVERSION = YES;
				CLANG_WARN_OBJC_IMPLICIT_RETAIN_SELF = YES;
				CLANG_WARN_OBJC_LITERAL_CONVERSION = YES;
				CLANG_WARN_OBJC_ROOT_CLASS = YES_ERROR;
				CLANG_WARN_QUOTED_INCLUDE_IN_FRAMEWORK_HEADER = YES;
				CLANG_WARN_RANGE_LOOP_ANALYSIS = YES;
				CLANG_WARN_STRICT_PROTOTYPES = YES;
				CLANG_WARN_SUSPICIOUS_MOVE = YES;
				CLANG_WARN_UNGUARDED_AVAILABILITY = YES_AGGRESSIVE;
				CLANG_WARN_UNREACHABLE_CODE = YES;
				CLANG_WARN__DUPLICATE_METHOD_MATCH = YES;
				COPY_PHASE_STRIP = NO;
				DEBUG_INFORMATION_FORMAT = "dwarf-with-dsym";
				ENABLE_NS_ASSERTIONS = NO;
				ENABLE_STRICT_OBJC_MSGSEND = YES;
				GCC_C_LANGUAGE_STANDARD = gnu11;
				GCC_NO_COMMON_BLOCKS = YES;
				GCC_WARN_64_TO_32_BIT_CONVERSION = YES;
				GCC_WARN_ABOUT_RETURN_TYPE = YES_ERROR;
				GCC_WARN_UNDECLARED_SELECTOR = YES;
				GCC_WARN_UNINITIALIZED_AUTOS = YES_AGGRESSIVE;
				GCC_WARN_UNUSED_FUNCTION = YES;
				GCC_WARN_UNUSED_VARIABLE = YES;
				IPHONEOS_DEPLOYMENT_TARGET = 15.0;
				MTL_ENABLE_DEBUG_INFO = NO;
				MTL_FAST_MATH = YES;
				SDKROOT = iphoneos;
				SWIFT_COMPILATION_MODE = wholemodule;
				SWIFT_OPTIMIZATION_LEVEL = "-O";
				VALIDATE_PRODUCT = YES;
			};
			name = Release;
		};
		FC908CC7273CD26700C8C479 /* Debug */ = {
			isa = XCBuildConfiguration;
			baseConfigurationReference = 0351BAA4958CB273921589F4 /* Pods-MoveOn.debug.xcconfig */;
			buildSettings = {
				ASSETCATALOG_COMPILER_APPICON_NAME = AppIcon;
				ASSETCATALOG_COMPILER_GLOBAL_ACCENT_COLOR_NAME = AccentColor;
				CODE_SIGN_STYLE = Automatic;
				CURRENT_PROJECT_VERSION = 1;
				DEVELOPMENT_TEAM = 27XCYNSTBL;
				"EXCLUDED_ARCHS[sdk=iphonesimulator*]" = arm64;
				GENERATE_INFOPLIST_FILE = YES;
				INFOPLIST_FILE = MoveOn/Info.plist;
				INFOPLIST_KEY_UIApplicationSupportsIndirectInputEvents = YES;
				INFOPLIST_KEY_UILaunchStoryboardName = LaunchScreen;
				INFOPLIST_KEY_UIMainStoryboardFile = Main;
				INFOPLIST_KEY_UISupportedInterfaceOrientations_iPad = "UIInterfaceOrientationPortrait UIInterfaceOrientationPortraitUpsideDown UIInterfaceOrientationLandscapeLeft UIInterfaceOrientationLandscapeRight";
				INFOPLIST_KEY_UISupportedInterfaceOrientations_iPhone = "UIInterfaceOrientationPortrait UIInterfaceOrientationLandscapeLeft UIInterfaceOrientationLandscapeRight";
				LD_RUNPATH_SEARCH_PATHS = (
					"$(inherited)",
					"@executable_path/Frameworks",
				);
				MARKETING_VERSION = 1.0;
				ONLY_ACTIVE_ARCH = YES;
				PRODUCT_BUNDLE_IDENTIFIER = com.moveon.MoveOn;
				PRODUCT_NAME = "$(TARGET_NAME)";
				SWIFT_EMIT_LOC_STRINGS = YES;
				SWIFT_VERSION = 5.0;
				TARGETED_DEVICE_FAMILY = "1,2";
			};
			name = Debug;
		};
		FC908CC8273CD26700C8C479 /* Release */ = {
			isa = XCBuildConfiguration;
			baseConfigurationReference = 5198160B6D26E3979B1783AD /* Pods-MoveOn.release.xcconfig */;
			buildSettings = {
				ASSETCATALOG_COMPILER_APPICON_NAME = AppIcon;
				ASSETCATALOG_COMPILER_GLOBAL_ACCENT_COLOR_NAME = AccentColor;
				CODE_SIGN_STYLE = Automatic;
				CURRENT_PROJECT_VERSION = 1;
				DEVELOPMENT_TEAM = 27XCYNSTBL;
				EXCLUDED_ARCHS = "";
				"EXCLUDED_ARCHS[sdk=iphonesimulator*]" = arm64;
				GENERATE_INFOPLIST_FILE = YES;
				INFOPLIST_FILE = MoveOn/Info.plist;
				INFOPLIST_KEY_UIApplicationSupportsIndirectInputEvents = YES;
				INFOPLIST_KEY_UILaunchStoryboardName = LaunchScreen;
				INFOPLIST_KEY_UIMainStoryboardFile = Main;
				INFOPLIST_KEY_UISupportedInterfaceOrientations_iPad = "UIInterfaceOrientationPortrait UIInterfaceOrientationPortraitUpsideDown UIInterfaceOrientationLandscapeLeft UIInterfaceOrientationLandscapeRight";
				INFOPLIST_KEY_UISupportedInterfaceOrientations_iPhone = "UIInterfaceOrientationPortrait UIInterfaceOrientationLandscapeLeft UIInterfaceOrientationLandscapeRight";
				LD_RUNPATH_SEARCH_PATHS = (
					"$(inherited)",
					"@executable_path/Frameworks",
				);
				MARKETING_VERSION = 1.0;
				ONLY_ACTIVE_ARCH = NO;
				PRODUCT_BUNDLE_IDENTIFIER = com.moveon.MoveOn;
				PRODUCT_NAME = "$(TARGET_NAME)";
				SWIFT_EMIT_LOC_STRINGS = YES;
				SWIFT_VERSION = 5.0;
				TARGETED_DEVICE_FAMILY = "1,2";
			};
			name = Release;
		};
		FC908CCA273CD26700C8C479 /* Debug */ = {
			isa = XCBuildConfiguration;
			baseConfigurationReference = 13ECB33715111EA4948F2B0C /* Pods-MoveOnTests.debug.xcconfig */;
			buildSettings = {
				ALWAYS_EMBED_SWIFT_STANDARD_LIBRARIES = YES;
				BUNDLE_LOADER = "$(TEST_HOST)";
				CODE_SIGN_STYLE = Automatic;
				CURRENT_PROJECT_VERSION = 1;
				DEVELOPMENT_TEAM = 27XCYNSTBL;
				GENERATE_INFOPLIST_FILE = YES;
				IPHONEOS_DEPLOYMENT_TARGET = 15.0;
				LD_RUNPATH_SEARCH_PATHS = (
					"$(inherited)",
					"@executable_path/Frameworks",
					"@loader_path/Frameworks",
				);
				MARKETING_VERSION = 1.0;
				PRODUCT_BUNDLE_IDENTIFIER = com.moveon.MoveOnTests;
				PRODUCT_NAME = "$(TARGET_NAME)";
				SWIFT_EMIT_LOC_STRINGS = NO;
				SWIFT_VERSION = 5.0;
				TARGETED_DEVICE_FAMILY = "1,2";
				TEST_HOST = "$(BUILT_PRODUCTS_DIR)/MoveOn.app/MoveOn";
			};
			name = Debug;
		};
		FC908CCB273CD26700C8C479 /* Release */ = {
			isa = XCBuildConfiguration;
			baseConfigurationReference = 91BF86ABB3964E3B459F9331 /* Pods-MoveOnTests.release.xcconfig */;
			buildSettings = {
				ALWAYS_EMBED_SWIFT_STANDARD_LIBRARIES = YES;
				BUNDLE_LOADER = "$(TEST_HOST)";
				CODE_SIGN_STYLE = Automatic;
				CURRENT_PROJECT_VERSION = 1;
				DEVELOPMENT_TEAM = 27XCYNSTBL;
				GENERATE_INFOPLIST_FILE = YES;
				IPHONEOS_DEPLOYMENT_TARGET = 15.0;
				LD_RUNPATH_SEARCH_PATHS = (
					"$(inherited)",
					"@executable_path/Frameworks",
					"@loader_path/Frameworks",
				);
				MARKETING_VERSION = 1.0;
				PRODUCT_BUNDLE_IDENTIFIER = com.moveon.MoveOnTests;
				PRODUCT_NAME = "$(TARGET_NAME)";
				SWIFT_EMIT_LOC_STRINGS = NO;
				SWIFT_VERSION = 5.0;
				TARGETED_DEVICE_FAMILY = "1,2";
				TEST_HOST = "$(BUILT_PRODUCTS_DIR)/MoveOn.app/MoveOn";
			};
			name = Release;
		};
		FC908CCD273CD26700C8C479 /* Debug */ = {
			isa = XCBuildConfiguration;
			baseConfigurationReference = 2F94F93A252D9689A334BAA8 /* Pods-MoveOn-MoveOnUITests.debug.xcconfig */;
			buildSettings = {
				ALWAYS_EMBED_SWIFT_STANDARD_LIBRARIES = YES;
				CODE_SIGN_STYLE = Automatic;
				CURRENT_PROJECT_VERSION = 1;
				DEVELOPMENT_TEAM = 27XCYNSTBL;
				GENERATE_INFOPLIST_FILE = YES;
				LD_RUNPATH_SEARCH_PATHS = (
					"$(inherited)",
					"@executable_path/Frameworks",
					"@loader_path/Frameworks",
				);
				MARKETING_VERSION = 1.0;
				PRODUCT_BUNDLE_IDENTIFIER = com.moveon.MoveOnUITests;
				PRODUCT_NAME = "$(TARGET_NAME)";
				SWIFT_EMIT_LOC_STRINGS = NO;
				SWIFT_VERSION = 5.0;
				TARGETED_DEVICE_FAMILY = "1,2";
				TEST_TARGET_NAME = MoveOn;
			};
			name = Debug;
		};
		FC908CCE273CD26700C8C479 /* Release */ = {
			isa = XCBuildConfiguration;
			baseConfigurationReference = 5EC1B9CC863273D68F3768A6 /* Pods-MoveOn-MoveOnUITests.release.xcconfig */;
			buildSettings = {
				ALWAYS_EMBED_SWIFT_STANDARD_LIBRARIES = YES;
				CODE_SIGN_STYLE = Automatic;
				CURRENT_PROJECT_VERSION = 1;
				DEVELOPMENT_TEAM = 27XCYNSTBL;
				GENERATE_INFOPLIST_FILE = YES;
				LD_RUNPATH_SEARCH_PATHS = (
					"$(inherited)",
					"@executable_path/Frameworks",
					"@loader_path/Frameworks",
				);
				MARKETING_VERSION = 1.0;
				PRODUCT_BUNDLE_IDENTIFIER = com.moveon.MoveOnUITests;
				PRODUCT_NAME = "$(TARGET_NAME)";
				SWIFT_EMIT_LOC_STRINGS = NO;
				SWIFT_VERSION = 5.0;
				TARGETED_DEVICE_FAMILY = "1,2";
				TEST_TARGET_NAME = MoveOn;
			};
			name = Release;
		};
/* End XCBuildConfiguration section */

/* Begin XCConfigurationList section */
		FC908C94273CD26600C8C479 /* Build configuration list for PBXProject "MoveOn" */ = {
			isa = XCConfigurationList;
			buildConfigurations = (
				FC908CC4273CD26700C8C479 /* Debug */,
				FC908CC5273CD26700C8C479 /* Release */,
			);
			defaultConfigurationIsVisible = 0;
			defaultConfigurationName = Release;
		};
		FC908CC6273CD26700C8C479 /* Build configuration list for PBXNativeTarget "MoveOn" */ = {
			isa = XCConfigurationList;
			buildConfigurations = (
				FC908CC7273CD26700C8C479 /* Debug */,
				FC908CC8273CD26700C8C479 /* Release */,
			);
			defaultConfigurationIsVisible = 0;
			defaultConfigurationName = Release;
		};
		FC908CC9273CD26700C8C479 /* Build configuration list for PBXNativeTarget "MoveOnTests" */ = {
			isa = XCConfigurationList;
			buildConfigurations = (
				FC908CCA273CD26700C8C479 /* Debug */,
				FC908CCB273CD26700C8C479 /* Release */,
			);
			defaultConfigurationIsVisible = 0;
			defaultConfigurationName = Release;
		};
		FC908CCC273CD26700C8C479 /* Build configuration list for PBXNativeTarget "MoveOnUITests" */ = {
			isa = XCConfigurationList;
			buildConfigurations = (
				FC908CCD273CD26700C8C479 /* Debug */,
				FC908CCE273CD26700C8C479 /* Release */,
			);
			defaultConfigurationIsVisible = 0;
			defaultConfigurationName = Release;
		};
/* End XCConfigurationList section */

/* Begin XCVersionGroup section */
		FC908CA5273CD26600C8C479 /* MoveOn.xcdatamodeld */ = {
			isa = XCVersionGroup;
			children = (
				FC908CA6273CD26600C8C479 /* MoveOn.xcdatamodel */,
			);
			currentVersion = FC908CA6273CD26600C8C479 /* MoveOn.xcdatamodel */;
			path = MoveOn.xcdatamodeld;
			sourceTree = "<group>";
			versionGroupType = wrapper.xcdatamodel;
		};
/* End XCVersionGroup section */
	};
	rootObject = FC908C91273CD26600C8C479 /* Project object */;
}
